// !$*UTF8*$!
{
	archiveVersion = 1;
	classes = {
	};
	objectVersion = 48;
	objects = {

/* Begin PBXBuildFile section */
		A605E8FE716A588A71CBE5D2 /* Pods_RXAlamonfireMVVM.framework in Frameworks */ = {isa = PBXBuildFile; fileRef = 659A580B655E3B8F7C3A7B0E /* Pods_RXAlamonfireMVVM.framework */; };
		F1EABA571F77FF6000BE361B /* AppDelegate.swift in Sources */ = {isa = PBXBuildFile; fileRef = F1EABA561F77FF6000BE361B /* AppDelegate.swift */; };
		F1EABA591F77FF6000BE361B /* MainViewController.swift in Sources */ = {isa = PBXBuildFile; fileRef = F1EABA581F77FF6000BE361B /* MainViewController.swift */; };
		F1EABA5C1F77FF6000BE361B /* Main.storyboard in Resources */ = {isa = PBXBuildFile; fileRef = F1EABA5A1F77FF6000BE361B /* Main.storyboard */; };
		F1EABA5E1F77FF6000BE361B /* Assets.xcassets in Resources */ = {isa = PBXBuildFile; fileRef = F1EABA5D1F77FF6000BE361B /* Assets.xcassets */; };
		F1EABA611F77FF6100BE361B /* LaunchScreen.storyboard in Resources */ = {isa = PBXBuildFile; fileRef = F1EABA5F1F77FF6100BE361B /* LaunchScreen.storyboard */; };
		F1EABA6A1F78000A00BE361B /* CommentTableViewCell.swift in Sources */ = {isa = PBXBuildFile; fileRef = F1EABA691F78000A00BE361B /* CommentTableViewCell.swift */; };
		F1EABA6D1F78006F00BE361B /* Comment.swift in Sources */ = {isa = PBXBuildFile; fileRef = F1EABA6C1F78006F00BE361B /* Comment.swift */; };
		F1EABA701F78008F00BE361B /* APIClient.swift in Sources */ = {isa = PBXBuildFile; fileRef = F1EABA6F1F78008F00BE361B /* APIClient.swift */; };
		F1EABA731F7800BA00BE361B /* CommentViewModel.swift in Sources */ = {isa = PBXBuildFile; fileRef = F1EABA721F7800BA00BE361B /* CommentViewModel.swift */; };
/* End PBXBuildFile section */

/* Begin PBXFileReference section */
		4500C0CE57380BB46FA11166 /* Pods-RXAlamonfireMVVM.release.xcconfig */ = {isa = PBXFileReference; includeInIndex = 1; lastKnownFileType = text.xcconfig; name = "Pods-RXAlamonfireMVVM.release.xcconfig"; path = "Pods/Target Support Files/Pods-RXAlamonfireMVVM/Pods-RXAlamonfireMVVM.release.xcconfig"; sourceTree = "<group>"; };
		659A580B655E3B8F7C3A7B0E /* Pods_RXAlamonfireMVVM.framework */ = {isa = PBXFileReference; explicitFileType = wrapper.framework; includeInIndex = 0; path = Pods_RXAlamonfireMVVM.framework; sourceTree = BUILT_PRODUCTS_DIR; };
		F035588FDB826D7D6C174AFE /* Pods-RXAlamonfireMVVM.debug.xcconfig */ = {isa = PBXFileReference; includeInIndex = 1; lastKnownFileType = text.xcconfig; name = "Pods-RXAlamonfireMVVM.debug.xcconfig"; path = "Pods/Target Support Files/Pods-RXAlamonfireMVVM/Pods-RXAlamonfireMVVM.debug.xcconfig"; sourceTree = "<group>"; };
		F1EABA531F77FF6000BE361B /* RXAlamonfireMVVM.app */ = {isa = PBXFileReference; explicitFileType = wrapper.application; includeInIndex = 0; path = RXAlamonfireMVVM.app; sourceTree = BUILT_PRODUCTS_DIR; };
		F1EABA561F77FF6000BE361B /* AppDelegate.swift */ = {isa = PBXFileReference; lastKnownFileType = sourcecode.swift; path = AppDelegate.swift; sourceTree = "<group>"; };
		F1EABA581F77FF6000BE361B /* MainViewController.swift */ = {isa = PBXFileReference; lastKnownFileType = sourcecode.swift; path = MainViewController.swift; sourceTree = "<group>"; };
		F1EABA5B1F77FF6000BE361B /* Base */ = {isa = PBXFileReference; lastKnownFileType = file.storyboard; name = Base; path = Base.lproj/Main.storyboard; sourceTree = "<group>"; };
		F1EABA5D1F77FF6000BE361B /* Assets.xcassets */ = {isa = PBXFileReference; lastKnownFileType = folder.assetcatalog; path = Assets.xcassets; sourceTree = "<group>"; };
		F1EABA601F77FF6100BE361B /* Base */ = {isa = PBXFileReference; lastKnownFileType = file.storyboard; name = Base; path = Base.lproj/LaunchScreen.storyboard; sourceTree = "<group>"; };
		F1EABA621F77FF6100BE361B /* Info.plist */ = {isa = PBXFileReference; lastKnownFileType = text.plist.xml; path = Info.plist; sourceTree = "<group>"; };
		F1EABA691F78000A00BE361B /* CommentTableViewCell.swift */ = {isa = PBXFileReference; lastKnownFileType = sourcecode.swift; path = CommentTableViewCell.swift; sourceTree = "<group>"; };
		F1EABA6C1F78006F00BE361B /* Comment.swift */ = {isa = PBXFileReference; lastKnownFileType = sourcecode.swift; path = Comment.swift; sourceTree = "<group>"; };
		F1EABA6F1F78008F00BE361B /* APIClient.swift */ = {isa = PBXFileReference; lastKnownFileType = sourcecode.swift; path = APIClient.swift; sourceTree = "<group>"; };
		F1EABA721F7800BA00BE361B /* CommentViewModel.swift */ = {isa = PBXFileReference; lastKnownFileType = sourcecode.swift; path = CommentViewModel.swift; sourceTree = "<group>"; };
/* End PBXFileReference section */

/* Begin PBXFrameworksBuildPhase section */
		F1EABA501F77FF6000BE361B /* Frameworks */ = {
			isa = PBXFrameworksBuildPhase;
			buildActionMask = 2147483647;
			files = (
				A605E8FE716A588A71CBE5D2 /* Pods_RXAlamonfireMVVM.framework in Frameworks */,
			);
			runOnlyForDeploymentPostprocessing = 0;
		};
/* End PBXFrameworksBuildPhase section */

/* Begin PBXGroup section */
		5F3B026ECC80FC87BF6C9970 /* Frameworks */ = {
			isa = PBXGroup;
			children = (
				659A580B655E3B8F7C3A7B0E /* Pods_RXAlamonfireMVVM.framework */,
			);
			name = Frameworks;
			sourceTree = "<group>";
		};
		64D7FC79E756DCEB61F4FCCE /* Pods */ = {
			isa = PBXGroup;
			children = (
				F035588FDB826D7D6C174AFE /* Pods-RXAlamonfireMVVM.debug.xcconfig */,
				4500C0CE57380BB46FA11166 /* Pods-RXAlamonfireMVVM.release.xcconfig */,
			);
			name = Pods;
			sourceTree = "<group>";
		};
		F15443451F78035800DC09FA /* Storyboards */ = {
			isa = PBXGroup;
			children = (
				F1EABA5F1F77FF6100BE361B /* LaunchScreen.storyboard */,
				F1EABA5A1F77FF6000BE361B /* Main.storyboard */,
			);
			path = Storyboards;
			sourceTree = "<group>";
		};
		F15443461F78036B00DC09FA /* Resources */ = {
			isa = PBXGroup;
			children = (
				F1EABA5D1F77FF6000BE361B /* Assets.xcassets */,
			);
			path = Resources;
			sourceTree = "<group>";
		};
		F1EABA4A1F77FF6000BE361B = {
			isa = PBXGroup;
			children = (
				F1EABA551F77FF6000BE361B /* RXAlamonfireMVVM */,
				F1EABA541F77FF6000BE361B /* Products */,
				64D7FC79E756DCEB61F4FCCE /* Pods */,
				5F3B026ECC80FC87BF6C9970 /* Frameworks */,
			);
			sourceTree = "<group>";
		};
		F1EABA541F77FF6000BE361B /* Products */ = {
			isa = PBXGroup;
			children = (
				F1EABA531F77FF6000BE361B /* RXAlamonfireMVVM.app */,
			);
			name = Products;
			sourceTree = "<group>";
		};
		F1EABA551F77FF6000BE361B /* RXAlamonfireMVVM */ = {
			isa = PBXGroup;
			children = (
				F15443461F78036B00DC09FA /* Resources */,
				F1EABA711F7800AB00BE361B /* ViewModel */,
				F1EABA6E1F78008300BE361B /* Network */,
				F1EABA6B1F78005D00BE361B /* Model */,
				F1EABA681F77FFDE00BE361B /* View-Controller */,
				F1EABA561F77FF6000BE361B /* AppDelegate.swift */,
				F1EABA621F77FF6100BE361B /* Info.plist */,
			);
			path = RXAlamonfireMVVM;
			sourceTree = "<group>";
		};
		F1EABA681F77FFDE00BE361B /* View-Controller */ = {
			isa = PBXGroup;
			children = (
				F15443451F78035800DC09FA /* Storyboards */,
				F1EABA581F77FF6000BE361B /* MainViewController.swift */,
				F1EABA691F78000A00BE361B /* CommentTableViewCell.swift */,
			);
			path = "View-Controller";
			sourceTree = "<group>";
		};
		F1EABA6B1F78005D00BE361B /* Model */ = {
			isa = PBXGroup;
			children = (
				F1EABA6C1F78006F00BE361B /* Comment.swift */,
			);
			path = Model;
			sourceTree = "<group>";
		};
		F1EABA6E1F78008300BE361B /* Network */ = {
			isa = PBXGroup;
			children = (
				F1EABA6F1F78008F00BE361B /* APIClient.swift */,
			);
			path = Network;
			sourceTree = "<group>";
		};
		F1EABA711F7800AB00BE361B /* ViewModel */ = {
			isa = PBXGroup;
			children = (
				F1EABA721F7800BA00BE361B /* CommentViewModel.swift */,
			);
			path = ViewModel;
			sourceTree = "<group>";
		};
/* End PBXGroup section */

/* Begin PBXNativeTarget section */
		F1EABA521F77FF6000BE361B /* RXAlamonfireMVVM */ = {
			isa = PBXNativeTarget;
			buildConfigurationList = F1EABA651F77FF6100BE361B /* Build configuration list for PBXNativeTarget "RXAlamonfireMVVM" */;
			buildPhases = (
				35DADBEA1D8DEB1635C09027 /* [CP] Check Pods Manifest.lock */,
				F1EABA4F1F77FF6000BE361B /* Sources */,
				F1EABA501F77FF6000BE361B /* Frameworks */,
				F1EABA511F77FF6000BE361B /* Resources */,
				ECA22BFD3EB675E74904F5FF /* [CP] Embed Pods Frameworks */,
				46A877DEF17A949734D628B9 /* [CP] Copy Pods Resources */,
			);
			buildRules = (
			);
			dependencies = (
			);
			name = RXAlamonfireMVVM;
			productName = RXAlamonfireMVVM;
			productReference = F1EABA531F77FF6000BE361B /* RXAlamonfireMVVM.app */;
			productType = "com.apple.product-type.application";
		};
/* End PBXNativeTarget section */

/* Begin PBXProject section */
		F1EABA4B1F77FF6000BE361B /* Project object */ = {
			isa = PBXProject;
			attributes = {
				LastSwiftUpdateCheck = 0900;
				LastUpgradeCheck = 0900;
				ORGANIZATIONNAME = com.diego.caridei;
				TargetAttributes = {
					F1EABA521F77FF6000BE361B = {
						CreatedOnToolsVersion = 9.0;
						ProvisioningStyle = Automatic;
					};
				};
			};
			buildConfigurationList = F1EABA4E1F77FF6000BE361B /* Build configuration list for PBXProject "RXAlamonfireMVVM" */;
			compatibilityVersion = "Xcode 8.0";
			developmentRegion = en;
			hasScannedForEncodings = 0;
			knownRegions = (
				en,
				Base,
			);
			mainGroup = F1EABA4A1F77FF6000BE361B;
			productRefGroup = F1EABA541F77FF6000BE361B /* Products */;
			projectDirPath = "";
			projectRoot = "";
			targets = (
				F1EABA521F77FF6000BE361B /* RXAlamonfireMVVM */,
			);
		};
/* End PBXProject section */

/* Begin PBXResourcesBuildPhase section */
		F1EABA511F77FF6000BE361B /* Resources */ = {
			isa = PBXResourcesBuildPhase;
			buildActionMask = 2147483647;
			files = (
				F1EABA611F77FF6100BE361B /* LaunchScreen.storyboard in Resources */,
				F1EABA5E1F77FF6000BE361B /* Assets.xcassets in Resources */,
				F1EABA5C1F77FF6000BE361B /* Main.storyboard in Resources */,
			);
			runOnlyForDeploymentPostprocessing = 0;
		};
/* End PBXResourcesBuildPhase section */

/* Begin PBXShellScriptBuildPhase section */
		35DADBEA1D8DEB1635C09027 /* [CP] Check Pods Manifest.lock */ = {
			isa = PBXShellScriptBuildPhase;
			buildActionMask = 2147483647;
			files = (
			);
			inputPaths = (
				"${PODS_PODFILE_DIR_PATH}/Podfile.lock",
				"${PODS_ROOT}/Manifest.lock",
			);
			name = "[CP] Check Pods Manifest.lock";
			outputPaths = (
				"$(DERIVED_FILE_DIR)/Pods-RXAlamonfireMVVM-checkManifestLockResult.txt",
			);
			runOnlyForDeploymentPostprocessing = 0;
			shellPath = /bin/sh;
			shellScript = "diff \"${PODS_PODFILE_DIR_PATH}/Podfile.lock\" \"${PODS_ROOT}/Manifest.lock\" > /dev/null\nif [ $? != 0 ] ; then\n    # print error to STDERR\n    echo \"error: The sandbox is not in sync with the Podfile.lock. Run 'pod install' or update your CocoaPods installation.\" >&2\n    exit 1\nfi\n# This output is used by Xcode 'outputs' to avoid re-running this script phase.\necho \"SUCCESS\" > \"${SCRIPT_OUTPUT_FILE_0}\"\n";
			showEnvVarsInLog = 0;
		};
		46A877DEF17A949734D628B9 /* [CP] Copy Pods Resources */ = {
			isa = PBXShellScriptBuildPhase;
			buildActionMask = 2147483647;
			files = (
			);
			inputPaths = (
			);
			name = "[CP] Copy Pods Resources";
			outputPaths = (
			);
			runOnlyForDeploymentPostprocessing = 0;
			shellPath = /bin/sh;
			shellScript = "\"${SRCROOT}/Pods/Target Support Files/Pods-RXAlamonfireMVVM/Pods-RXAlamonfireMVVM-resources.sh\"\n";
			showEnvVarsInLog = 0;
		};
		ECA22BFD3EB675E74904F5FF /* [CP] Embed Pods Frameworks */ = {
			isa = PBXShellScriptBuildPhase;
			buildActionMask = 2147483647;
			files = (
			);
			inputPaths = (
				"${SRCROOT}/Pods/Target Support Files/Pods-RXAlamonfireMVVM/Pods-RXAlamonfireMVVM-frameworks.sh",
				"${BUILT_PRODUCTS_DIR}/Alamofire/Alamofire.framework",
				"${BUILT_PRODUCTS_DIR}/Differentiator/Differentiator.framework",
				"${BUILT_PRODUCTS_DIR}/RxAlamofire/RxAlamofire.framework",
				"${BUILT_PRODUCTS_DIR}/RxCocoa/RxCocoa.framework",
				"${BUILT_PRODUCTS_DIR}/RxDataSources/RxDataSources.framework",
				"${BUILT_PRODUCTS_DIR}/RxSwift/RxSwift.framework",
				"${BUILT_PRODUCTS_DIR}/SwiftyJSON/SwiftyJSON.framework",
			);
			name = "[CP] Embed Pods Frameworks";
			outputPaths = (
				"${TARGET_BUILD_DIR}/${FRAMEWORKS_FOLDER_PATH}/Alamofire.framework",
				"${TARGET_BUILD_DIR}/${FRAMEWORKS_FOLDER_PATH}/Differentiator.framework",
				"${TARGET_BUILD_DIR}/${FRAMEWORKS_FOLDER_PATH}/RxAlamofire.framework",
				"${TARGET_BUILD_DIR}/${FRAMEWORKS_FOLDER_PATH}/RxCocoa.framework",
				"${TARGET_BUILD_DIR}/${FRAMEWORKS_FOLDER_PATH}/RxDataSources.framework",
				"${TARGET_BUILD_DIR}/${FRAMEWORKS_FOLDER_PATH}/RxSwift.framework",
				"${TARGET_BUILD_DIR}/${FRAMEWORKS_FOLDER_PATH}/SwiftyJSON.framework",
			);
			runOnlyForDeploymentPostprocessing = 0;
			shellPath = /bin/sh;
			shellScript = "\"${SRCROOT}/Pods/Target Support Files/Pods-RXAlamonfireMVVM/Pods-RXAlamonfireMVVM-frameworks.sh\"\n";
			showEnvVarsInLog = 0;
		};
/* End PBXShellScriptBuildPhase section */

/* Begin PBXSourcesBuildPhase section */
		F1EABA4F1F77FF6000BE361B /* Sources */ = {
			isa = PBXSourcesBuildPhase;
			buildActionMask = 2147483647;
			files = (
				F1EABA731F7800BA00BE361B /* CommentViewModel.swift in Sources */,
				F1EABA591F77FF6000BE361B /* MainViewController.swift in Sources */,
				F1EABA6A1F78000A00BE361B /* CommentTableViewCell.swift in Sources */,
				F1EABA571F77FF6000BE361B /* AppDelegate.swift in Sources */,
				F1EABA701F78008F00BE361B /* APIClient.swift in Sources */,
				F1EABA6D1F78006F00BE361B /* Comment.swift in Sources */,
			);
			runOnlyForDeploymentPostprocessing = 0;
		};
/* End PBXSourcesBuildPhase section */

/* Begin PBXVariantGroup section */
		F1EABA5A1F77FF6000BE361B /* Main.storyboard */ = {
			isa = PBXVariantGroup;
			children = (
				F1EABA5B1F77FF6000BE361B /* Base */,
			);
			name = Main.storyboard;
			sourceTree = "<group>";
		};
		F1EABA5F1F77FF6100BE361B /* LaunchScreen.storyboard */ = {
			isa = PBXVariantGroup;
			children = (
				F1EABA601F77FF6100BE361B /* Base */,
			);
			name = LaunchScreen.storyboard;
			sourceTree = "<group>";
		};
/* End PBXVariantGroup section */

/* Begin XCBuildConfiguration section */
		F1EABA631F77FF6100BE361B /* Debug */ = {
			isa = XCBuildConfiguration;
			buildSettings = {
				ALWAYS_SEARCH_USER_PATHS = NO;
				CLANG_ANALYZER_NONNULL = YES;
				CLANG_ANALYZER_NUMBER_OBJECT_CONVERSION = YES_AGGRESSIVE;
				CLANG_CXX_LANGUAGE_STANDARD = "gnu++14";
				CLANG_CXX_LIBRARY = "libc++";
				CLANG_ENABLE_MODULES = YES;
				CLANG_ENABLE_OBJC_ARC = YES;
				CLANG_WARN_BLOCK_CAPTURE_AUTORELEASING = YES;
				CLANG_WARN_BOOL_CONVERSION = YES;
				CLANG_WARN_COMMA = YES;
				CLANG_WARN_CONSTANT_CONVERSION = YES;
				CLANG_WARN_DIRECT_OBJC_ISA_USAGE = YES_ERROR;
				CLANG_WARN_DOCUMENTATION_COMMENTS = YES;
				CLANG_WARN_EMPTY_BODY = YES;
				CLANG_WARN_ENUM_CONVERSION = YES;
				CLANG_WARN_INFINITE_RECURSION = YES;
				CLANG_WARN_INT_CONVERSION = YES;
				CLANG_WARN_NON_LITERAL_NULL_CONVERSION = YES;
				CLANG_WARN_OBJC_LITERAL_CONVERSION = YES;
				CLANG_WARN_OBJC_ROOT_CLASS = YES_ERROR;
				CLANG_WARN_RANGE_LOOP_ANALYSIS = YES;
				CLANG_WARN_STRICT_PROTOTYPES = YES;
				CLANG_WARN_SUSPICIOUS_MOVE = YES;
				CLANG_WARN_UNGUARDED_AVAILABILITY = YES_AGGRESSIVE;
				CLANG_WARN_UNREACHABLE_CODE = YES;
				CLANG_WARN__DUPLICATE_METHOD_MATCH = YES;
				CODE_SIGN_IDENTITY = "iPhone Developer";
				COPY_PHASE_STRIP = NO;
				DEBUG_INFORMATION_FORMAT = dwarf;
				ENABLE_STRICT_OBJC_MSGSEND = YES;
				ENABLE_TESTABILITY = YES;
				GCC_C_LANGUAGE_STANDARD = gnu11;
				GCC_DYNAMIC_NO_PIC = NO;
				GCC_NO_COMMON_BLOCKS = YES;
				GCC_OPTIMIZATION_LEVEL = 0;
				GCC_PREPROCESSOR_DEFINITIONS = (
					"DEBUG=1",
					"$(inherited)",
				);
				GCC_WARN_64_TO_32_BIT_CONVERSION = YES;
				GCC_WARN_ABOUT_RETURN_TYPE = YES_ERROR;
				GCC_WARN_UNDECLARED_SELECTOR = YES;
				GCC_WARN_UNINITIALIZED_AUTOS = YES_AGGRESSIVE;
				GCC_WARN_UNUSED_FUNCTION = YES;
				GCC_WARN_UNUSED_VARIABLE = YES;
				IPHONEOS_DEPLOYMENT_TARGET = 11.0;
				MTL_ENABLE_DEBUG_INFO = YES;
				ONLY_ACTIVE_ARCH = YES;
				SDKROOT = iphoneos;
				SWIFT_ACTIVE_COMPILATION_CONDITIONS = DEBUG;
				SWIFT_OPTIMIZATION_LEVEL = "-Onone";
			};
			name = Debug;
		};
		F1EABA641F77FF6100BE361B /* Release */ = {
			isa = XCBuildConfiguration;
			buildSettings = {
				ALWAYS_SEARCH_USER_PATHS = NO;
				CLANG_ANALYZER_NONNULL = YES;
				CLANG_ANALYZER_NUMBER_OBJECT_CONVERSION = YES_AGGRESSIVE;
				CLANG_CXX_LANGUAGE_STANDARD = "gnu++14";
				CLANG_CXX_LIBRARY = "libc++";
				CLANG_ENABLE_MODULES = YES;
				CLANG_ENABLE_OBJC_ARC = YES;
				CLANG_WARN_BLOCK_CAPTURE_AUTORELEASING = YES;
				CLANG_WARN_BOOL_CONVERSION = YES;
				CLANG_WARN_COMMA = YES;
				CLANG_WARN_CONSTANT_CONVERSION = YES;
				CLANG_WARN_DIRECT_OBJC_ISA_USAGE = YES_ERROR;
				CLANG_WARN_DOCUMENTATION_COMMENTS = YES;
				CLANG_WARN_EMPTY_BODY = YES;
				CLANG_WARN_ENUM_CONVERSION = YES;
				CLANG_WARN_INFINITE_RECURSION = YES;
				CLANG_WARN_INT_CONVERSION = YES;
				CLANG_WARN_NON_LITERAL_NULL_CONVERSION = YES;
				CLANG_WARN_OBJC_LITERAL_CONVERSION = YES;
				CLANG_WARN_OBJC_ROOT_CLASS = YES_ERROR;
				CLANG_WARN_RANGE_LOOP_ANALYSIS = YES;
				CLANG_WARN_STRICT_PROTOTYPES = YES;
				CLANG_WARN_SUSPICIOUS_MOVE = YES;
				CLANG_WARN_UNGUARDED_AVAILABILITY = YES_AGGRESSIVE;
				CLANG_WARN_UNREACHABLE_CODE = YES;
				CLANG_WARN__DUPLICATE_METHOD_MATCH = YES;
				CODE_SIGN_IDENTITY = "iPhone Developer";
				COPY_PHASE_STRIP = NO;
				DEBUG_INFORMATION_FORMAT = "dwarf-with-dsym";
				ENABLE_NS_ASSERTIONS = NO;
				ENABLE_STRICT_OBJC_MSGSEND = YES;
				GCC_C_LANGUAGE_STANDARD = gnu11;
				GCC_NO_COMMON_BLOCKS = YES;
				GCC_WARN_64_TO_32_BIT_CONVERSION = YES;
				GCC_WARN_ABOUT_RETURN_TYPE = YES_ERROR;
				GCC_WARN_UNDECLARED_SELECTOR = YES;
				GCC_WARN_UNINITIALIZED_AUTOS = YES_AGGRESSIVE;
				GCC_WARN_UNUSED_FUNCTION = YES;
				GCC_WARN_UNUSED_VARIABLE = YES;
				IPHONEOS_DEPLOYMENT_TARGET = 11.0;
				MTL_ENABLE_DEBUG_INFO = NO;
				SDKROOT = iphoneos;
				SWIFT_OPTIMIZATION_LEVEL = "-Owholemodule";
				VALIDATE_PRODUCT = YES;
			};
			name = Release;
		};
		F1EABA661F77FF6100BE361B /* Debug */ = {
			isa = XCBuildConfiguration;
			baseConfigurationReference = F035588FDB826D7D6C174AFE /* Pods-RXAlamonfireMVVM.debug.xcconfig */;
			buildSettings = {
				ASSETCATALOG_COMPILER_APPICON_NAME = AppIcon;
				CODE_SIGN_STYLE = Automatic;
				DEVELOPMENT_TEAM = JY4GNF2SA4;
				INFOPLIST_FILE = RXAlamonfireMVVM/Info.plist;
				LD_RUNPATH_SEARCH_PATHS = "$(inherited) @executable_path/Frameworks";
				PRODUCT_BUNDLE_IDENTIFIER = com.diego.caridei.RXAlamonfireMVVM;
				PRODUCT_NAME = "$(TARGET_NAME)";
				SWIFT_VERSION = 4.0;
				TARGETED_DEVICE_FAMILY = "1,2";
			};
			name = Debug;
		};
		F1EABA671F77FF6100BE361B /* Release */ = {
			isa = XCBuildConfiguration;
			baseConfigurationReference = 4500C0CE57380BB46FA11166 /* Pods-RXAlamonfireMVVM.release.xcconfig */;
			buildSettings = {
				ASSETCATALOG_COMPILER_APPICON_NAME = AppIcon;
				CODE_SIGN_STYLE = Automatic;
				DEVELOPMENT_TEAM = JY4GNF2SA4;
				INFOPLIST_FILE = RXAlamonfireMVVM/Info.plist;
				LD_RUNPATH_SEARCH_PATHS = "$(inherited) @executable_path/Frameworks";
				PRODUCT_BUNDLE_IDENTIFIER = com.diego.caridei.RXAlamonfireMVVM;
				PRODUCT_NAME = "$(TARGET_NAME)";
				SWIFT_VERSION = 4.0;
				TARGETED_DEVICE_FAMILY = "1,2";
			};
			name = Release;
		};
/* End XCBuildConfiguration section */

/* Begin XCConfigurationList section */
		F1EABA4E1F77FF6000BE361B /* Build configuration list for PBXProject "RXAlamonfireMVVM" */ = {
			isa = XCConfigurationList;
			buildConfigurations = (
				F1EABA631F77FF6100BE361B /* Debug */,
				F1EABA641F77FF6100BE361B /* Release */,
			);
			defaultConfigurationIsVisible = 0;
			defaultConfigurationName = Release;
		};
		F1EABA651F77FF6100BE361B /* Build configuration list for PBXNativeTarget "RXAlamonfireMVVM" */ = {
			isa = XCConfigurationList;
			buildConfigurations = (
				F1EABA661F77FF6100BE361B /* Debug */,
				F1EABA671F77FF6100BE361B /* Release */,
			);
			defaultConfigurationIsVisible = 0;
			defaultConfigurationName = Release;
		};
/* End XCConfigurationList section */
	};
	rootObject = F1EABA4B1F77FF6000BE361B /* Project object */;
}
